
Microsoft Visual Studio Solution File, Format Version 12.00
# Visual Studio 15
VisualStudioVersion = 15.0.27004.2002
MinimumVisualStudioVersion = 10.0.40219.1
Project("{FAE04EC0-301F-11D3-BF4B-00C04F79EFBC}") = "TextFileSplitter", "ConsoleApp4\TextFileSplitter.csproj", "{5605ED93-07FF-4D89-B9C3-66CB6A99B3B6}"
EndProject
Global
	GlobalSection(SolutionConfigurationPlatforms) = preSolution
		Debug|Any CPU = Debug|Any CPU
		Release|Any CPU = Release|Any CPU
	EndGlobalSection
	GlobalSection(ProjectConfigurationPlatforms) = postSolution
		{5605ED93-07FF-4D89-B9C3-66CB6A99B3B6}.Debug|Any CPU.ActiveCfg = Debug|Any CPU
		{5605ED93-07FF-4D89-B9C3-66CB6A99B3B6}.Debug|Any CPU.Build.0 = Debug|Any CPU
		{5605ED93-07FF-4D89-B9C3-66CB6A99B3B6}.Release|Any CPU.ActiveCfg = Release|Any CPU
		{5605ED93-07FF-4D89-B9C3-66CB6A99B3B6}.Release|Any CPU.Build.0 = Release|Any CPU
	EndGlobalSection
	GlobalSection(SolutionProperties) = preSolution
		HideSolutionNode = FALSE
	EndGlobalSection
	GlobalSection(ExtensibilityGlobals) = postSolution
		SolutionGuid = {89BB39E5-F474-44B9-BB27-BFDC02159F59}
	EndGlobalSection
EndGlobal
